// !$*UTF8*$!
{
	archiveVersion = 1;
	classes = {
	};
	objectVersion = 46;
	objects = {

/* Begin PBXBuildFile section */
		2859C1201C2120B800EC863D /* like.png in Resources */ = {isa = PBXBuildFile; fileRef = 2859C11F1C2120B800EC863D /* like.png */; };
		2859C1231C21214600EC863D /* DOFavoriteButton.swift in Sources */ = {isa = PBXBuildFile; fileRef = 2859C1211C21214600EC863D /* DOFavoriteButton.swift */; };
		286D73851C1DEC46007EDCFB /* AppDelegate.swift in Sources */ = {isa = PBXBuildFile; fileRef = 286D73841C1DEC46007EDCFB /* AppDelegate.swift */; };
		286D738C1C1DEC46007EDCFB /* Main.storyboard in Resources */ = {isa = PBXBuildFile; fileRef = 286D738A1C1DEC46007EDCFB /* Main.storyboard */; };
		286D738E1C1DEC47007EDCFB /* Assets.xcassets in Resources */ = {isa = PBXBuildFile; fileRef = 286D738D1C1DEC47007EDCFB /* Assets.xcassets */; };
		286D73911C1DEC47007EDCFB /* LaunchScreen.storyboard in Resources */ = {isa = PBXBuildFile; fileRef = 286D738F1C1DEC47007EDCFB /* LaunchScreen.storyboard */; };
		286D739C1C1DEC47007EDCFB /* HackersBookNEWTests.swift in Sources */ = {isa = PBXBuildFile; fileRef = 286D739B1C1DEC47007EDCFB /* HackersBookNEWTests.swift */; };
		286D73AA1C1DECED007EDCFB /* JSONProcesing.swift in Sources */ = {isa = PBXBuildFile; fileRef = 286D73A91C1DECED007EDCFB /* JSONProcesing.swift */; };
		286D73AE1C1DED0B007EDCFB /* BookModel.swift in Sources */ = {isa = PBXBuildFile; fileRef = 286D73AC1C1DED0B007EDCFB /* BookModel.swift */; };
		286D73AF1C1DED0B007EDCFB /* LibraryModel.swift in Sources */ = {isa = PBXBuildFile; fileRef = 286D73AD1C1DED0B007EDCFB /* LibraryModel.swift */; };
		286D73B11C1E17DB007EDCFB /* LibraryTableViewController.swift in Sources */ = {isa = PBXBuildFile; fileRef = 286D73B01C1E17DB007EDCFB /* LibraryTableViewController.swift */; };
		286D73B41C1E23FD007EDCFB /* BookTableViewCell.swift in Sources */ = {isa = PBXBuildFile; fileRef = 286D73B31C1E23FD007EDCFB /* BookTableViewCell.swift */; };
		286D73B61C1E7F3F007EDCFB /* PDFViewController.swift in Sources */ = {isa = PBXBuildFile; fileRef = 286D73B51C1E7F3F007EDCFB /* PDFViewController.swift */; };
		286D73BA1C1E9779007EDCFB /* Readme.md in Sources */ = {isa = PBXBuildFile; fileRef = 286D73B91C1E9779007EDCFB /* Readme.md */; };
/* End PBXBuildFile section */

/* Begin PBXContainerItemProxy section */
		286D73981C1DEC47007EDCFB /* PBXContainerItemProxy */ = {
			isa = PBXContainerItemProxy;
			containerPortal = 286D73791C1DEC46007EDCFB /* Project object */;
			proxyType = 1;
			remoteGlobalIDString = 286D73801C1DEC46007EDCFB;
			remoteInfo = HackersBookNEW;
		};
/* End PBXContainerItemProxy section */

/* Begin PBXFileReference section */
		2859C11F1C2120B800EC863D /* like.png */ = {isa = PBXFileReference; lastKnownFileType = image.png; path = like.png; sourceTree = "<group>"; };
		2859C1211C21214600EC863D /* DOFavoriteButton.swift */ = {isa = PBXFileReference; fileEncoding = 4; lastKnownFileType = sourcecode.swift; path = DOFavoriteButton.swift; sourceTree = "<group>"; };
		286D73811C1DEC46007EDCFB /* HackersBookNEW.app */ = {isa = PBXFileReference; explicitFileType = wrapper.application; includeInIndex = 0; path = HackersBookNEW.app; sourceTree = BUILT_PRODUCTS_DIR; };
		286D73841C1DEC46007EDCFB /* AppDelegate.swift */ = {isa = PBXFileReference; lastKnownFileType = sourcecode.swift; path = AppDelegate.swift; sourceTree = "<group>"; };
		286D738B1C1DEC46007EDCFB /* Base */ = {isa = PBXFileReference; lastKnownFileType = file.storyboard; name = Base; path = Base.lproj/Main.storyboard; sourceTree = "<group>"; };
		286D738D1C1DEC47007EDCFB /* Assets.xcassets */ = {isa = PBXFileReference; lastKnownFileType = folder.assetcatalog; path = Assets.xcassets; sourceTree = "<group>"; };
		286D73901C1DEC47007EDCFB /* Base */ = {isa = PBXFileReference; lastKnownFileType = file.storyboard; name = Base; path = Base.lproj/LaunchScreen.storyboard; sourceTree = "<group>"; };
		286D73921C1DEC47007EDCFB /* Info.plist */ = {isa = PBXFileReference; lastKnownFileType = text.plist.xml; path = Info.plist; sourceTree = "<group>"; };
		286D73971C1DEC47007EDCFB /* HackersBookNEWTests.xctest */ = {isa = PBXFileReference; explicitFileType = wrapper.cfbundle; includeInIndex = 0; path = HackersBookNEWTests.xctest; sourceTree = BUILT_PRODUCTS_DIR; };
		286D739B1C1DEC47007EDCFB /* HackersBookNEWTests.swift */ = {isa = PBXFileReference; lastKnownFileType = sourcecode.swift; path = HackersBookNEWTests.swift; sourceTree = "<group>"; };
		286D739D1C1DEC47007EDCFB /* Info.plist */ = {isa = PBXFileReference; lastKnownFileType = text.plist.xml; path = Info.plist; sourceTree = "<group>"; };
		286D73A91C1DECED007EDCFB /* JSONProcesing.swift */ = {isa = PBXFileReference; fileEncoding = 4; lastKnownFileType = sourcecode.swift; path = JSONProcesing.swift; sourceTree = "<group>"; };
		286D73AC1C1DED0B007EDCFB /* BookModel.swift */ = {isa = PBXFileReference; fileEncoding = 4; lastKnownFileType = sourcecode.swift; path = BookModel.swift; sourceTree = "<group>"; };
		286D73AD1C1DED0B007EDCFB /* LibraryModel.swift */ = {isa = PBXFileReference; fileEncoding = 4; lastKnownFileType = sourcecode.swift; path = LibraryModel.swift; sourceTree = "<group>"; };
		286D73B01C1E17DB007EDCFB /* LibraryTableViewController.swift */ = {isa = PBXFileReference; fileEncoding = 4; lastKnownFileType = sourcecode.swift; path = LibraryTableViewController.swift; sourceTree = "<group>"; };
		286D73B31C1E23FD007EDCFB /* BookTableViewCell.swift */ = {isa = PBXFileReference; fileEncoding = 4; lastKnownFileType = sourcecode.swift; path = BookTableViewCell.swift; sourceTree = "<group>"; };
		286D73B51C1E7F3F007EDCFB /* PDFViewController.swift */ = {isa = PBXFileReference; fileEncoding = 4; lastKnownFileType = sourcecode.swift; path = PDFViewController.swift; sourceTree = "<group>"; };
		286D73B91C1E9779007EDCFB /* Readme.md */ = {isa = PBXFileReference; fileEncoding = 4; lastKnownFileType = net.daringfireball.markdown; path = Readme.md; sourceTree = "<group>"; };
/* End PBXFileReference section */

/* Begin PBXFrameworksBuildPhase section */
		286D737E1C1DEC46007EDCFB /* Frameworks */ = {
			isa = PBXFrameworksBuildPhase;
			buildActionMask = 2147483647;
			files = (
			);
			runOnlyForDeploymentPostprocessing = 0;
		};
		286D73941C1DEC47007EDCFB /* Frameworks */ = {
			isa = PBXFrameworksBuildPhase;
			buildActionMask = 2147483647;
			files = (
			);
			runOnlyForDeploymentPostprocessing = 0;
		};
/* End PBXFrameworksBuildPhase section */

/* Begin PBXGroup section */
		2859C11E1C21201600EC863D /* Framework */ = {
			isa = PBXGroup;
			children = (
				2859C1211C21214600EC863D /* DOFavoriteButton.swift */,
				2859C11F1C2120B800EC863D /* like.png */,
			);
			name = Framework;
			sourceTree = "<group>";
		};
		286D73781C1DEC46007EDCFB = {
			isa = PBXGroup;
			children = (
				286D73B91C1E9779007EDCFB /* Readme.md */,
				286D73831C1DEC46007EDCFB /* HackersBookNEW */,
				286D739A1C1DEC47007EDCFB /* HackersBookNEWTests */,
				286D73821C1DEC46007EDCFB /* Products */,
			);
			sourceTree = "<group>";
		};
		286D73821C1DEC46007EDCFB /* Products */ = {
			isa = PBXGroup;
			children = (
				286D73811C1DEC46007EDCFB /* HackersBookNEW.app */,
				286D73971C1DEC47007EDCFB /* HackersBookNEWTests.xctest */,
			);
			name = Products;
			sourceTree = "<group>";
		};
		286D73831C1DEC46007EDCFB /* HackersBookNEW */ = {
			isa = PBXGroup;
			children = (
				2859C11E1C21201600EC863D /* Framework */,
				286D73AB1C1DECFA007EDCFB /* Models */,
				286D73A81C1DECE3007EDCFB /* JSON */,
				286D73A71C1DECA5007EDCFB /* StoryBoards */,
				286D73A61C1DEC96007EDCFB /* ViewControllers */,
				286D73B21C1E23CB007EDCFB /* Views */,
				286D738D1C1DEC47007EDCFB /* Assets.xcassets */,
				286D73841C1DEC46007EDCFB /* AppDelegate.swift */,
				286D73921C1DEC47007EDCFB /* Info.plist */,
			);
			path = HackersBookNEW;
			sourceTree = "<group>";
		};
		286D739A1C1DEC47007EDCFB /* HackersBookNEWTests */ = {
			isa = PBXGroup;
			children = (
				286D739B1C1DEC47007EDCFB /* HackersBookNEWTests.swift */,
				286D739D1C1DEC47007EDCFB /* Info.plist */,
			);
			path = HackersBookNEWTests;
			sourceTree = "<group>";
		};
		286D73A61C1DEC96007EDCFB /* ViewControllers */ = {
			isa = PBXGroup;
			children = (
				286D73B01C1E17DB007EDCFB /* LibraryTableViewController.swift */,
				286D73B51C1E7F3F007EDCFB /* PDFViewController.swift */,
			);
			name = ViewControllers;
			sourceTree = "<group>";
		};
		286D73A71C1DECA5007EDCFB /* StoryBoards */ = {
			isa = PBXGroup;
			children = (
				286D738A1C1DEC46007EDCFB /* Main.storyboard */,
				286D738F1C1DEC47007EDCFB /* LaunchScreen.storyboard */,
			);
			name = StoryBoards;
			sourceTree = "<group>";
		};
		286D73A81C1DECE3007EDCFB /* JSON */ = {
			isa = PBXGroup;
			children = (
				286D73A91C1DECED007EDCFB /* JSONProcesing.swift */,
			);
			name = JSON;
			sourceTree = "<group>";
		};
		286D73AB1C1DECFA007EDCFB /* Models */ = {
			isa = PBXGroup;
			children = (
				286D73AC1C1DED0B007EDCFB /* BookModel.swift */,
				286D73AD1C1DED0B007EDCFB /* LibraryModel.swift */,
			);
			name = Models;
			sourceTree = "<group>";
		};
		286D73B21C1E23CB007EDCFB /* Views */ = {
			isa = PBXGroup;
			children = (
				286D73B31C1E23FD007EDCFB /* BookTableViewCell.swift */,
			);
			name = Views;
			sourceTree = "<group>";
		};
/* End PBXGroup section */

/* Begin PBXNativeTarget section */
		286D73801C1DEC46007EDCFB /* HackersBookNEW */ = {
			isa = PBXNativeTarget;
			buildConfigurationList = 286D73A01C1DEC47007EDCFB /* Build configuration list for PBXNativeTarget "HackersBookNEW" */;
			buildPhases = (
				286D737D1C1DEC46007EDCFB /* Sources */,
				286D737E1C1DEC46007EDCFB /* Frameworks */,
				286D737F1C1DEC46007EDCFB /* Resources */,
			);
			buildRules = (
			);
			dependencies = (
			);
			name = HackersBookNEW;
			productName = HackersBookNEW;
			productReference = 286D73811C1DEC46007EDCFB /* HackersBookNEW.app */;
			productType = "com.apple.product-type.application";
		};
		286D73961C1DEC47007EDCFB /* HackersBookNEWTests */ = {
			isa = PBXNativeTarget;
			buildConfigurationList = 286D73A31C1DEC47007EDCFB /* Build configuration list for PBXNativeTarget "HackersBookNEWTests" */;
			buildPhases = (
				286D73931C1DEC47007EDCFB /* Sources */,
				286D73941C1DEC47007EDCFB /* Frameworks */,
				286D73951C1DEC47007EDCFB /* Resources */,
			);
			buildRules = (
			);
			dependencies = (
				286D73991C1DEC47007EDCFB /* PBXTargetDependency */,
			);
			name = HackersBookNEWTests;
			productName = HackersBookNEWTests;
			productReference = 286D73971C1DEC47007EDCFB /* HackersBookNEWTests.xctest */;
			productType = "com.apple.product-type.bundle.unit-test";
		};
/* End PBXNativeTarget section */

/* Begin PBXProject section */
		286D73791C1DEC46007EDCFB /* Project object */ = {
			isa = PBXProject;
			attributes = {
				LastSwiftUpdateCheck = 0710;
				LastUpgradeCheck = 0710;
				ORGANIZATIONNAME = "Ramiro García Salazar";
				TargetAttributes = {
					286D73801C1DEC46007EDCFB = {
						CreatedOnToolsVersion = 7.1.1;
					};
					286D73961C1DEC47007EDCFB = {
						CreatedOnToolsVersion = 7.1.1;
						TestTargetID = 286D73801C1DEC46007EDCFB;
					};
				};
			};
			buildConfigurationList = 286D737C1C1DEC46007EDCFB /* Build configuration list for PBXProject "HackersBookNEW" */;
			compatibilityVersion = "Xcode 3.2";
			developmentRegion = English;
			hasScannedForEncodings = 0;
			knownRegions = (
				en,
				Base,
			);
			mainGroup = 286D73781C1DEC46007EDCFB;
			productRefGroup = 286D73821C1DEC46007EDCFB /* Products */;
			projectDirPath = "";
			projectRoot = "";
			targets = (
				286D73801C1DEC46007EDCFB /* HackersBookNEW */,
				286D73961C1DEC47007EDCFB /* HackersBookNEWTests */,
			);
		};
/* End PBXProject section */

/* Begin PBXResourcesBuildPhase section */
		286D737F1C1DEC46007EDCFB /* Resources */ = {
			isa = PBXResourcesBuildPhase;
			buildActionMask = 2147483647;
			files = (
				2859C1201C2120B800EC863D /* like.png in Resources */,
				286D73911C1DEC47007EDCFB /* LaunchScreen.storyboard in Resources */,
				286D738E1C1DEC47007EDCFB /* Assets.xcassets in Resources */,
				286D738C1C1DEC46007EDCFB /* Main.storyboard in Resources */,
			);
			runOnlyForDeploymentPostprocessing = 0;
		};
		286D73951C1DEC47007EDCFB /* Resources */ = {
			isa = PBXResourcesBuildPhase;
			buildActionMask = 2147483647;
			files = (
			);
			runOnlyForDeploymentPostprocessing = 0;
		};
/* End PBXResourcesBuildPhase section */

/* Begin PBXSourcesBuildPhase section */
		286D737D1C1DEC46007EDCFB /* Sources */ = {
			isa = PBXSourcesBuildPhase;
			buildActionMask = 2147483647;
			files = (
				286D73B61C1E7F3F007EDCFB /* PDFViewController.swift in Sources */,
				286D73B41C1E23FD007EDCFB /* BookTableViewCell.swift in Sources */,
				286D73B11C1E17DB007EDCFB /* LibraryTableViewController.swift in Sources */,
				286D73AE1C1DED0B007EDCFB /* BookModel.swift in Sources */,
				286D73AF1C1DED0B007EDCFB /* LibraryModel.swift in Sources */,
				286D73AA1C1DECED007EDCFB /* JSONProcesing.swift in Sources */,
				286D73851C1DEC46007EDCFB /* AppDelegate.swift in Sources */,
				2859C1231C21214600EC863D /* DOFavoriteButton.swift in Sources */,
				286D73BA1C1E9779007EDCFB /* Readme.md in Sources */,
			);
			runOnlyForDeploymentPostprocessing = 0;
		};
		286D73931C1DEC47007EDCFB /* Sources */ = {
			isa = PBXSourcesBuildPhase;
			buildActionMask = 2147483647;
			files = (
				286D739C1C1DEC47007EDCFB /* HackersBookNEWTests.swift in Sources */,
			);
			runOnlyForDeploymentPostprocessing = 0;
		};
/* End PBXSourcesBuildPhase section */

/* Begin PBXTargetDependency section */
		286D73991C1DEC47007EDCFB /* PBXTargetDependency */ = {
			isa = PBXTargetDependency;
			target = 286D73801C1DEC46007EDCFB /* HackersBookNEW */;
			targetProxy = 286D73981C1DEC47007EDCFB /* PBXContainerItemProxy */;
		};
/* End PBXTargetDependency section */

/* Begin PBXVariantGroup section */
		286D738A1C1DEC46007EDCFB /* Main.storyboard */ = {
			isa = PBXVariantGroup;
			children = (
				286D738B1C1DEC46007EDCFB /* Base */,
			);
			name = Main.storyboard;
			sourceTree = "<group>";
		};
		286D738F1C1DEC47007EDCFB /* LaunchScreen.storyboard */ = {
			isa = PBXVariantGroup;
			children = (
				286D73901C1DEC47007EDCFB /* Base */,
			);
			name = LaunchScreen.storyboard;
			sourceTree = "<group>";
		};
/* End PBXVariantGroup section */

/* Begin XCBuildConfiguration section */
		286D739E1C1DEC47007EDCFB /* Debug */ = {
			isa = XCBuildConfiguration;
			buildSettings = {
				ALWAYS_SEARCH_USER_PATHS = NO;
				CLANG_CXX_LANGUAGE_STANDARD = "gnu++0x";
				CLANG_CXX_LIBRARY = "libc++";
				CLANG_ENABLE_MODULES = YES;
				CLANG_ENABLE_OBJC_ARC = YES;
				CLANG_WARN_BOOL_CONVERSION = YES;
				CLANG_WARN_CONSTANT_CONVERSION = YES;
				CLANG_WARN_DIRECT_OBJC_ISA_USAGE = YES_ERROR;
				CLANG_WARN_EMPTY_BODY = YES;
				CLANG_WARN_ENUM_CONVERSION = YES;
				CLANG_WARN_INT_CONVERSION = YES;
				CLANG_WARN_OBJC_ROOT_CLASS = YES_ERROR;
				CLANG_WARN_UNREACHABLE_CODE = YES;
				CLANG_WARN__DUPLICATE_METHOD_MATCH = YES;
				"CODE_SIGN_IDENTITY[sdk=iphoneos*]" = "iPhone Developer";
				COPY_PHASE_STRIP = NO;
				DEBUG_INFORMATION_FORMAT = dwarf;
				ENABLE_STRICT_OBJC_MSGSEND = YES;
				ENABLE_TESTABILITY = YES;
				GCC_C_LANGUAGE_STANDARD = gnu99;
				GCC_DYNAMIC_NO_PIC = NO;
				GCC_NO_COMMON_BLOCKS = YES;
				GCC_OPTIMIZATION_LEVEL = 0;
				GCC_PREPROCESSOR_DEFINITIONS = (
					"DEBUG=1",
					"$(inherited)",
				);
				GCC_WARN_64_TO_32_BIT_CONVERSION = YES;
				GCC_WARN_ABOUT_RETURN_TYPE = YES_ERROR;
				GCC_WARN_UNDECLARED_SELECTOR = YES;
				GCC_WARN_UNINITIALIZED_AUTOS = YES_AGGRESSIVE;
				GCC_WARN_UNUSED_FUNCTION = YES;
				GCC_WARN_UNUSED_VARIABLE = YES;
				IPHONEOS_DEPLOYMENT_TARGET = 9.1;
				MTL_ENABLE_DEBUG_INFO = YES;
				ONLY_ACTIVE_ARCH = YES;
				SDKROOT = iphoneos;
				SWIFT_OPTIMIZATION_LEVEL = "-Onone";
				TARGETED_DEVICE_FAMILY = "1,2";
			};
			name = Debug;
		};
		286D739F1C1DEC47007EDCFB /* Release */ = {
			isa = XCBuildConfiguration;
			buildSettings = {
				ALWAYS_SEARCH_USER_PATHS = NO;
				CLANG_CXX_LANGUAGE_STANDARD = "gnu++0x";
				CLANG_CXX_LIBRARY = "libc++";
				CLANG_ENABLE_MODULES = YES;
				CLANG_ENABLE_OBJC_ARC = YES;
				CLANG_WARN_BOOL_CONVERSION = YES;
				CLANG_WARN_CONSTANT_CONVERSION = YES;
				CLANG_WARN_DIRECT_OBJC_ISA_USAGE = YES_ERROR;
				CLANG_WARN_EMPTY_BODY = YES;
				CLANG_WARN_ENUM_CONVERSION = YES;
				CLANG_WARN_INT_CONVERSION = YES;
				CLANG_WARN_OBJC_ROOT_CLASS = YES_ERROR;
				CLANG_WARN_UNREACHABLE_CODE = YES;
				CLANG_WARN__DUPLICATE_METHOD_MATCH = YES;
				"CODE_SIGN_IDENTITY[sdk=iphoneos*]" = "iPhone Developer";
				COPY_PHASE_STRIP = NO;
				DEBUG_INFORMATION_FORMAT = "dwarf-with-dsym";
				ENABLE_NS_ASSERTIONS = NO;
				ENABLE_STRICT_OBJC_MSGSEND = YES;
				GCC_C_LANGUAGE_STANDARD = gnu99;
				GCC_NO_COMMON_BLOCKS = YES;
				GCC_WARN_64_TO_32_BIT_CONVERSION = YES;
				GCC_WARN_ABOUT_RETURN_TYPE = YES_ERROR;
				GCC_WARN_UNDECLARED_SELECTOR = YES;
				GCC_WARN_UNINITIALIZED_AUTOS = YES_AGGRESSIVE;
				GCC_WARN_UNUSED_FUNCTION = YES;
				GCC_WARN_UNUSED_VARIABLE = YES;
				IPHONEOS_DEPLOYMENT_TARGET = 9.1;
				MTL_ENABLE_DEBUG_INFO = NO;
				SDKROOT = iphoneos;
				TARGETED_DEVICE_FAMILY = "1,2";
				VALIDATE_PRODUCT = YES;
			};
			name = Release;
		};
		286D73A11C1DEC47007EDCFB /* Debug */ = {
			isa = XCBuildConfiguration;
			buildSettings = {
				ASSETCATALOG_COMPILER_APPICON_NAME = AppIcon;
				INFOPLIST_FILE = HackersBookNEW/Info.plist;
				LD_RUNPATH_SEARCH_PATHS = "$(inherited) @executable_path/Frameworks";
				PRODUCT_BUNDLE_IDENTIFIER = io.KeepCoding.rgs.HackersBookNEW;
				PRODUCT_NAME = "$(TARGET_NAME)";
			};
			name = Debug;
		};
		286D73A21C1DEC47007EDCFB /* Release */ = {
			isa = XCBuildConfiguration;
			buildSettings = {
				ASSETCATALOG_COMPILER_APPICON_NAME = AppIcon;
				INFOPLIST_FILE = HackersBookNEW/Info.plist;
				LD_RUNPATH_SEARCH_PATHS = "$(inherited) @executable_path/Frameworks";
				PRODUCT_BUNDLE_IDENTIFIER = io.KeepCoding.rgs.HackersBookNEW;
				PRODUCT_NAME = "$(TARGET_NAME)";
			};
			name = Release;
		};
		286D73A41C1DEC47007EDCFB /* Debug */ = {
			isa = XCBuildConfiguration;
			buildSettings = {
				BUNDLE_LOADER = "$(TEST_HOST)";
				INFOPLIST_FILE = HackersBookNEWTests/Info.plist;
				LD_RUNPATH_SEARCH_PATHS = "$(inherited) @executable_path/Frameworks @loader_path/Frameworks";
				PRODUCT_BUNDLE_IDENTIFIER = io.KeepCoding.rgs.HackersBookNEWTests;
				PRODUCT_NAME = "$(TARGET_NAME)";
				TEST_HOST = "$(BUILT_PRODUCTS_DIR)/HackersBookNEW.app/HackersBookNEW";
			};
			name = Debug;
		};
		286D73A51C1DEC47007EDCFB /* Release */ = {
			isa = XCBuildConfiguration;
			buildSettings = {
				BUNDLE_LOADER = "$(TEST_HOST)";
				INFOPLIST_FILE = HackersBookNEWTests/Info.plist;
				LD_RUNPATH_SEARCH_PATHS = "$(inherited) @executable_path/Frameworks @loader_path/Frameworks";
				PRODUCT_BUNDLE_IDENTIFIER = io.KeepCoding.rgs.HackersBookNEWTests;
				PRODUCT_NAME = "$(TARGET_NAME)";
				TEST_HOST = "$(BUILT_PRODUCTS_DIR)/HackersBookNEW.app/HackersBookNEW";
			};
			name = Release;
		};
/* End XCBuildConfiguration section */

/* Begin XCConfigurationList section */
		286D737C1C1DEC46007EDCFB /* Build configuration list for PBXProject "HackersBookNEW" */ = {
			isa = XCConfigurationList;
			buildConfigurations = (
				286D739E1C1DEC47007EDCFB /* Debug */,
				286D739F1C1DEC47007EDCFB /* Release */,
			);
			defaultConfigurationIsVisible = 0;
			defaultConfigurationName = Release;
		};
		286D73A01C1DEC47007EDCFB /* Build configuration list for PBXNativeTarget "HackersBookNEW" */ = {
			isa = XCConfigurationList;
			buildConfigurations = (
				286D73A11C1DEC47007EDCFB /* Debug */,
				286D73A21C1DEC47007EDCFB /* Release */,
			);
			defaultConfigurationIsVisible = 0;
			defaultConfigurationName = Release;
		};
		286D73A31C1DEC47007EDCFB /* Build configuration list for PBXNativeTarget "HackersBookNEWTests" */ = {
			isa = XCConfigurationList;
			buildConfigurations = (
				286D73A41C1DEC47007EDCFB /* Debug */,
				286D73A51C1DEC47007EDCFB /* Release */,
			);
			defaultConfigurationIsVisible = 0;
			defaultConfigurationName = Release;
		};
/* End XCConfigurationList section */
	};
	rootObject = 286D73791C1DEC46007EDCFB /* Project object */;
}
